<?xml version="1.0" encoding="utf-8"?>
<Project ToolsVersion="4.0" xmlns="http://schemas.microsoft.com/developer/msbuild/2003">
  <ItemGroup>
    <Filter Include="源文件">
      <UniqueIdentifier>{4FC737F1-C7A5-4376-A066-2A32D752A2FF}</UniqueIdentifier>
      <Extensions>cpp;c;cc;cxx;c++;cppm;ixx;def;odl;idl;hpj;bat;asm;asmx</Extensions>
    </Filter>
    <Filter Include="头文件">
      <UniqueIdentifier>{93995380-89BD-4b04-88EB-625FBE52EBFB}</UniqueIdentifier>
      <Extensions>h;hh;hpp;hxx;h++;hm;inl;inc;ipp;xsd</Extensions>
    </Filter>
    <Filter Include="资源文件">
      <UniqueIdentifier>{67DA6AB6-F800-4c08-8B7A-83BB121AAD01}</UniqueIdentifier>
      <Extensions>rc;ico;cur;bmp;dlg;rc2;rct;bin;rgs;gif;jpg;jpeg;jpe;resx;tiff;tif;png;wav;mfcribbon-ms</Extensions>
    </Filter>
    <Filter Include="头文件\Impl">
      <UniqueIdentifier>{e1fe257c-0774-4c78-82a9-dc16af182bbc}</UniqueIdentifier>
    </Filter>
    <Filter Include="源文件\ShaderTools">
      <UniqueIdentifier>{e15b58ca-dd8d-4f75-b2df-dd0578421fd6}</UniqueIdentifier>
    </Filter>
    <Filter Include="头文件\Interface">
      <UniqueIdentifier>{0bda71ff-0b0e-40e4-8c05-ad4563d218f3}</UniqueIdentifier>
    </Filter>
  </ItemGroup>
  <ItemGroup>
    <ClCompile Include="..\..\Intro\Intro\Intro\glad.c">
      <Filter>源文件</Filter>
    </ClCompile>
    <ClCompile Include="Window.cpp">
      <Filter>源文件</Filter>
    </ClCompile>
    <ClCompile Include="Shaders\ShaderTools\CheckShaderCompileErrors.cpp">
      <Filter>源文件\ShaderTools</Filter>
    </ClCompile>
    <ClCompile Include="Shaders\ShaderTools\Shader.cpp">
      <Filter>源文件\ShaderTools</Filter>
    </ClCompile>
    <ClCompile Include="Shaders\ShaderTools\ShaderLoader.cpp">
      <Filter>源文件\ShaderTools</Filter>
    </ClCompile>
  </ItemGroup>
  <ItemGroup>
    <ClInclude Include="Shaders\Impl\CheckShaderCompileErrors.h">
      <Filter>头文件\Impl</Filter>
    </ClInclude>
    <ClInclude Include="Shaders\Impl\Shader.h">
      <Filter>头文件\Impl</Filter>
    </ClInclude>
    <ClInclude Include="Shaders\Impl\ShaderLoader.h">
      <Filter>头文件\Impl</Filter>
    </ClInclude>
    <ClInclude Include="Shaders\Interface\ICheckCompileErrors.h">
      <Filter>头文件\Interface</Filter>
    </ClInclude>
    <ClInclude Include="Shaders\Interface\IShader.h">
      <Filter>头文件\Interface</Filter>
    </ClInclude>
    <ClInclude Include="Shaders\Interface\IShaderLoader.h">
      <Filter>头文件\Interface</Filter>
    </ClInclude>
  </ItemGroup>
</Project>